
Microsoft Visual Studio Solution File, Format Version 12.00
# Visual Studio Version 17
VisualStudioVersion = 17.0.31919.166
MinimumVisualStudioVersion = 10.0.40219.1
Project("{FAE04EC0-301F-11D3-BF4B-00C04F79EFBC}") = "ScieenceAPI", "ScieenceAPI\ScieenceAPI.csproj", "{4FB9D956-DEB5-4C52-B653-8DC80C3B1EA5}"
EndProject
Global
	GlobalSection(SolutionConfigurationPlatforms) = preSolution
		Debug|Any CPU = Debug|Any CPU
		Release|Any CPU = Release|Any CPU
	EndGlobalSection
	GlobalSection(ProjectConfigurationPlatforms) = postSolution
		{4FB9D956-DEB5-4C52-B653-8DC80C3B1EA5}.Debug|Any CPU.ActiveCfg = Debug|Any CPU
		{4FB9D956-DEB5-4C52-B653-8DC80C3B1EA5}.Debug|Any CPU.Build.0 = Debug|Any CPU
		{4FB9D956-DEB5-4C52-B653-8DC80C3B1EA5}.Release|Any CPU.ActiveCfg = Release|Any CPU
		{4FB9D956-DEB5-4C52-B653-8DC80C3B1EA5}.Release|Any CPU.Build.0 = Release|Any CPU
	EndGlobalSection
	GlobalSection(SolutionProperties) = preSolution
		HideSolutionNode = FALSE
	EndGlobalSection
	GlobalSection(ExtensibilityGlobals) = postSolution
		SolutionGuid = {B3CDD421-5887-49C7-A82A-486C07C9D477}
	EndGlobalSection
EndGlobal
